
Microsoft Visual Studio Solution File, Format Version 12.00
# Visual Studio Version 16
VisualStudioVersion = 16.0.29102.190
MinimumVisualStudioVersion = 10.0.40219.1
Project("{9A19103F-16F7-4668-BE54-9A1E7A4F7556}") = "DBMProgram", "DBMProgram\DBMProgram.csproj", "{B8D2447B-6AE3-4A58-8A3F-E64C33147192}"
EndProject
Project("{9A19103F-16F7-4668-BE54-9A1E7A4F7556}") = "DBMProgramTest", "DBMTest\DBMProgramTest.csproj", "{6C24069A-A990-49A2-A877-C8866E8EBE6E}"
EndProject
Global
	GlobalSection(SolutionConfigurationPlatforms) = preSolution
		Debug|Any CPU = Debug|Any CPU
		Release|Any CPU = Release|Any CPU
	EndGlobalSection
	GlobalSection(ProjectConfigurationPlatforms) = postSolution
		{B8D2447B-6AE3-4A58-8A3F-E64C33147192}.Debug|Any CPU.ActiveCfg = Debug|Any CPU
		{B8D2447B-6AE3-4A58-8A3F-E64C33147192}.Debug|Any CPU.Build.0 = Debug|Any CPU
		{B8D2447B-6AE3-4A58-8A3F-E64C33147192}.Release|Any CPU.ActiveCfg = Release|Any CPU
		{B8D2447B-6AE3-4A58-8A3F-E64C33147192}.Release|Any CPU.Build.0 = Release|Any CPU
		{6C24069A-A990-49A2-A877-C8866E8EBE6E}.Debug|Any CPU.ActiveCfg = Debug|Any CPU
		{6C24069A-A990-49A2-A877-C8866E8EBE6E}.Debug|Any CPU.Build.0 = Debug|Any CPU
		{6C24069A-A990-49A2-A877-C8866E8EBE6E}.Release|Any CPU.ActiveCfg = Release|Any CPU
		{6C24069A-A990-49A2-A877-C8866E8EBE6E}.Release|Any CPU.Build.0 = Release|Any CPU
	EndGlobalSection
	GlobalSection(SolutionProperties) = preSolution
		HideSolutionNode = FALSE
	EndGlobalSection
	GlobalSection(ExtensibilityGlobals) = postSolution
		SolutionGuid = {0AB51ABF-751C-4573-BACA-D2D49A0A345D}
	EndGlobalSection
EndGlobal
